// !$*UTF8*$!
{
	archiveVersion = 1;
	classes = {
	};
	objectVersion = 70;
	objects = {

/* Begin PBXBuildFile section */
		93C7DDDC2F7B60DD007AF538 /* WidgetKit.framework in Frameworks */ = {isa = PBXBuildFile; fileRef = 93C7DDDB2F7B60DD007AF538 /* WidgetKit.framework */; };
		93C7DDDE2F7B60DD007AF538 /* SwiftUI.framework in Frameworks */ = {isa = PBXBuildFile; fileRef = 93C7DDDD2F7B60DD007AF538 /* SwiftUI.framework */; };
		93C7DDED2F7B60DF007AF538 /* SmartHomeWidgetExtension.appex in Embed Foundation Extensions */ = {isa = PBXBuildFile; fileRef = 93C7DDD92F7B60DD007AF538 /* SmartHomeWidgetExtension.appex */; settings = {ATTRIBUTES = (RemoveHeadersOnCopy, ); }; };
		A10001 /* RadioClientApp.swift in Sources */ = {isa = PBXBuildFile; fileRef = B10001 /* RadioClientApp.swift */; };
		A10002 /* SongItem.swift in Sources */ = {isa = PBXBuildFile; fileRef = B10002 /* SongItem.swift */; };
		A10003 /* APIService.swift in Sources */ = {isa = PBXBuildFile; fileRef = B10003 /* APIService.swift */; };
		A10004 /* AudioPlayer.swift in Sources */ = {isa = PBXBuildFile; fileRef = B10004 /* AudioPlayer.swift */; };
		A10005 /* CacheManager.swift in Sources */ = {isa = PBXBuildFile; fileRef = B10005 /* CacheManager.swift */; };
		A10006 /* NowPlayingView.swift in Sources */ = {isa = PBXBuildFile; fileRef = B10006 /* NowPlayingView.swift */; };
		A10007 /* HistoryView.swift in Sources */ = {isa = PBXBuildFile; fileRef = B10007 /* HistoryView.swift */; };
		A10008 /* SettingsView.swift in Sources */ = {isa = PBXBuildFile; fileRef = B10008 /* SettingsView.swift */; };
		A10009 /* CarPlaySceneDelegate.swift in Sources */ = {isa = PBXBuildFile; fileRef = B10009 /* CarPlaySceneDelegate.swift */; };
		A10010 /* QRScannerView.swift in Sources */ = {isa = PBXBuildFile; fileRef = B10012 /* QRScannerView.swift */; };
		A10011 /* Assets.xcassets in Resources */ = {isa = PBXBuildFile; fileRef = B10013 /* Assets.xcassets */; };
		A10012 /* ChannelsView.swift in Sources */ = {isa = PBXBuildFile; fileRef = B10014 /* ChannelsView.swift */; };
/* End PBXBuildFile section */

/* Begin PBXContainerItemProxy section */
		93C7DDEB2F7B60DF007AF538 /* PBXContainerItemProxy */ = {
			isa = PBXContainerItemProxy;
			containerPortal = H10001 /* Project object */;
			proxyType = 1;
			remoteGlobalIDString = 93C7DDD82F7B60DD007AF538;
			remoteInfo = SmartHomeWidgetExtension;
		};
/* End PBXContainerItemProxy section */

/* Begin PBXCopyFilesBuildPhase section */
		93C7DDEE2F7B60DF007AF538 /* Embed Foundation Extensions */ = {
			isa = PBXCopyFilesBuildPhase;
			buildActionMask = 2147483647;
			dstPath = "";
			dstSubfolderSpec = 13;
			files = (
				93C7DDED2F7B60DF007AF538 /* SmartHomeWidgetExtension.appex in Embed Foundation Extensions */,
			);
			name = "Embed Foundation Extensions";
			runOnlyForDeploymentPostprocessing = 0;
		};
/* End PBXCopyFilesBuildPhase section */

/* Begin PBXFileReference section */
		93C7DDD92F7B60DD007AF538 /* SmartHomeWidgetExtension.appex */ = {isa = PBXFileReference; explicitFileType = "wrapper.app-extension"; includeInIndex = 0; path = SmartHomeWidgetExtension.appex; sourceTree = BUILT_PRODUCTS_DIR; };
		93C7DDDB2F7B60DD007AF538 /* WidgetKit.framework */ = {isa = PBXFileReference; lastKnownFileType = wrapper.framework; name = WidgetKit.framework; path = System/Library/Frameworks/WidgetKit.framework; sourceTree = SDKROOT; };
		93C7DDDD2F7B60DD007AF538 /* SwiftUI.framework */ = {isa = PBXFileReference; lastKnownFileType = wrapper.framework; name = SwiftUI.framework; path = System/Library/Frameworks/SwiftUI.framework; sourceTree = SDKROOT; };
		93C7DDF32F7B61E3007AF538 /* SmartHomeWidgetExtension.entitlements */ = {isa = PBXFileReference; lastKnownFileType = text.plist.entitlements; path = SmartHomeWidgetExtension.entitlements; sourceTree = "<group>"; };
		B10001 /* RadioClientApp.swift */ = {isa = PBXFileReference; lastKnownFileType = sourcecode.swift; path = RadioClientApp.swift; sourceTree = "<group>"; };
		B10002 /* SongItem.swift */ = {isa = PBXFileReference; lastKnownFileType = sourcecode.swift; path = SongItem.swift; sourceTree = "<group>"; };
		B10003 /* APIService.swift */ = {isa = PBXFileReference; lastKnownFileType = sourcecode.swift; path = APIService.swift; sourceTree = "<group>"; };
		B10004 /* AudioPlayer.swift */ = {isa = PBXFileReference; lastKnownFileType = sourcecode.swift; path = AudioPlayer.swift; sourceTree = "<group>"; };
		B10005 /* CacheManager.swift */ = {isa = PBXFileReference; lastKnownFileType = sourcecode.swift; path = CacheManager.swift; sourceTree = "<group>"; };
		B10006 /* NowPlayingView.swift */ = {isa = PBXFileReference; lastKnownFileType = sourcecode.swift; path = NowPlayingView.swift; sourceTree = "<group>"; };
		B10007 /* HistoryView.swift */ = {isa = PBXFileReference; lastKnownFileType = sourcecode.swift; path = HistoryView.swift; sourceTree = "<group>"; };
		B10008 /* SettingsView.swift */ = {isa = PBXFileReference; lastKnownFileType = sourcecode.swift; path = SettingsView.swift; sourceTree = "<group>"; };
		B10009 /* CarPlaySceneDelegate.swift */ = {isa = PBXFileReference; lastKnownFileType = sourcecode.swift; path = CarPlaySceneDelegate.swift; sourceTree = "<group>"; };
		B10010 /* Info.plist */ = {isa = PBXFileReference; lastKnownFileType = text.plist.xml; path = Info.plist; sourceTree = "<group>"; };
		B10011 /* RadioClient.entitlements */ = {isa = PBXFileReference; lastKnownFileType = text.plist.entitlements; path = RadioClient.entitlements; sourceTree = "<group>"; };
		B10012 /* QRScannerView.swift */ = {isa = PBXFileReference; lastKnownFileType = sourcecode.swift; path = QRScannerView.swift; sourceTree = "<group>"; };
		B10013 /* Assets.xcassets */ = {isa = PBXFileReference; lastKnownFileType = folder.assetcatalog; path = Assets.xcassets; sourceTree = "<group>"; };
		B10014 /* ChannelsView.swift */ = {isa = PBXFileReference; lastKnownFileType = sourcecode.swift; path = ChannelsView.swift; sourceTree = "<group>"; };
		C10001 /* RadioClient.app */ = {isa = PBXFileReference; explicitFileType = wrapper.application; includeInIndex = 0; path = RadioClient.app; sourceTree = BUILT_PRODUCTS_DIR; };
/* End PBXFileReference section */

/* Begin PBXFileSystemSynchronizedBuildFileExceptionSet section */
		93C7DDF12F7B60DF007AF538 /* PBXFileSystemSynchronizedBuildFileExceptionSet */ = {
			isa = PBXFileSystemSynchronizedBuildFileExceptionSet;
			membershipExceptions = (
				Info.plist,
			);
			target = 93C7DDD82F7B60DD007AF538 /* SmartHomeWidgetExtension */;
		};
/* End PBXFileSystemSynchronizedBuildFileExceptionSet section */

/* Begin PBXFileSystemSynchronizedRootGroup section */
		93C7DDDF2F7B60DD007AF538 /* SmartHomeWidget */ = {isa = PBXFileSystemSynchronizedRootGroup; exceptions = (93C7DDF12F7B60DF007AF538 /* PBXFileSystemSynchronizedBuildFileExceptionSet */, ); explicitFileTypes = {}; explicitFolders = (); path = SmartHomeWidget; sourceTree = "<group>"; };
/* End PBXFileSystemSynchronizedRootGroup section */

/* Begin PBXFrameworksBuildPhase section */
		93C7DDD62F7B60DD007AF538 /* Frameworks */ = {
			isa = PBXFrameworksBuildPhase;
			buildActionMask = 2147483647;
			files = (
				93C7DDDE2F7B60DD007AF538 /* SwiftUI.framework in Frameworks */,
				93C7DDDC2F7B60DD007AF538 /* WidgetKit.framework in Frameworks */,
			);
			runOnlyForDeploymentPostprocessing = 0;
		};
		D10001 /* Frameworks */ = {
			isa = PBXFrameworksBuildPhase;
			buildActionMask = 2147483647;
			files = (
			);
			runOnlyForDeploymentPostprocessing = 0;
		};
/* End PBXFrameworksBuildPhase section */

/* Begin PBXGroup section */
		93C7DDDA2F7B60DD007AF538 /* Frameworks */ = {
			isa = PBXGroup;
			children = (
				93C7DDDB2F7B60DD007AF538 /* WidgetKit.framework */,
				93C7DDDD2F7B60DD007AF538 /* SwiftUI.framework */,
			);
			name = Frameworks;
			sourceTree = "<group>";
		};
		E10001 = {
			isa = PBXGroup;
			children = (
				93C7DDF32F7B61E3007AF538 /* SmartHomeWidgetExtension.entitlements */,
				E10002 /* RadioClient */,
				B10011 /* RadioClient.entitlements */,
				93C7DDDF2F7B60DD007AF538 /* SmartHomeWidget */,
				93C7DDDA2F7B60DD007AF538 /* Frameworks */,
				E10007 /* Products */,
			);
			sourceTree = "<group>";
		};
		E10002 /* RadioClient */ = {
			isa = PBXGroup;
			children = (
				B10001 /* RadioClientApp.swift */,
				B10010 /* Info.plist */,
				B10013 /* Assets.xcassets */,
				E10003 /* Models */,
				E10004 /* Services */,
				E10005 /* Views */,
				E10006 /* CarPlay */,
			);
			path = RadioClient;
			sourceTree = "<group>";
		};
		E10003 /* Models */ = {
			isa = PBXGroup;
			children = (
				B10002 /* SongItem.swift */,
			);
			path = Models;
			sourceTree = "<group>";
		};
		E10004 /* Services */ = {
			isa = PBXGroup;
			children = (
				B10003 /* APIService.swift */,
				B10004 /* AudioPlayer.swift */,
				B10005 /* CacheManager.swift */,
			);
			path = Services;
			sourceTree = "<group>";
		};
		E10005 /* Views */ = {
			isa = PBXGroup;
			children = (
				B10006 /* NowPlayingView.swift */,
				B10007 /* HistoryView.swift */,
				B10008 /* SettingsView.swift */,
				B10012 /* QRScannerView.swift */,
				B10014 /* ChannelsView.swift */,
			);
			path = Views;
			sourceTree = "<group>";
		};
		E10006 /* CarPlay */ = {
			isa = PBXGroup;
			children = (
				B10009 /* CarPlaySceneDelegate.swift */,
			);
			path = CarPlay;
			sourceTree = "<group>";
		};
		E10007 /* Products */ = {
			isa = PBXGroup;
			children = (
				C10001 /* RadioClient.app */,
				93C7DDD92F7B60DD007AF538 /* SmartHomeWidgetExtension.appex */,
			);
			name = Products;
			sourceTree = "<group>";
		};
/* End PBXGroup section */

/* Begin PBXNativeTarget section */
		93C7DDD82F7B60DD007AF538 /* SmartHomeWidgetExtension */ = {
			isa = PBXNativeTarget;
			buildConfigurationList = 93C7DDF22F7B60DF007AF538 /* Build configuration list for PBXNativeTarget "SmartHomeWidgetExtension" */;
			buildPhases = (
				93C7DDD52F7B60DD007AF538 /* Sources */,
				93C7DDD62F7B60DD007AF538 /* Frameworks */,
				93C7DDD72F7B60DD007AF538 /* Resources */,
			);
			buildRules = (
			);
			dependencies = (
			);
			fileSystemSynchronizedGroups = (
				93C7DDDF2F7B60DD007AF538 /* SmartHomeWidget */,
			);
			name = SmartHomeWidgetExtension;
			packageProductDependencies = (
			);
			productName = SmartHomeWidgetExtension;
			productReference = 93C7DDD92F7B60DD007AF538 /* SmartHomeWidgetExtension.appex */;
			productType = "com.apple.product-type.app-extension";
		};
		F10001 /* RadioClient */ = {
			isa = PBXNativeTarget;
			buildConfigurationList = G10003 /* Build configuration list for PBXNativeTarget "RadioClient" */;
			buildPhases = (
				F10002 /* Sources */,
				D10001 /* Frameworks */,
				F10003 /* Resources */,
				93C7DDEE2F7B60DF007AF538 /* Embed Foundation Extensions */,
			);
			buildRules = (
			);
			dependencies = (
				93C7DDEC2F7B60DF007AF538 /* PBXTargetDependency */,
			);
			name = RadioClient;
			productName = RadioClient;
			productReference = C10001 /* RadioClient.app */;
			productType = "com.apple.product-type.application";
		};
/* End PBXNativeTarget section */

/* Begin PBXProject section */
		H10001 /* Project object */ = {
			isa = PBXProject;
			attributes = {
				BuildIndependentTargetsInParallel = 1;
				LastSwiftUpdateCheck = 2640;
				LastUpgradeCheck = 1540;
				TargetAttributes = {
					93C7DDD82F7B60DD007AF538 = {
						CreatedOnToolsVersion = 26.4;
					};
				};
			};
			buildConfigurationList = G10001 /* Build configuration list for PBXProject "RadioClient" */;
			compatibilityVersion = "Xcode 14.0";
			developmentRegion = en;
			hasScannedForEncodings = 0;
			knownRegions = (
				en,
				Base,
			);
			mainGroup = E10001;
			productRefGroup = E10007 /* Products */;
			projectDirPath = "";
			projectRoot = "";
			targets = (
				F10001 /* RadioClient */,
				93C7DDD82F7B60DD007AF538 /* SmartHomeWidgetExtension */,
			);
		};
/* End PBXProject section */

/* Begin PBXResourcesBuildPhase section */
		93C7DDD72F7B60DD007AF538 /* Resources */ = {
			isa = PBXResourcesBuildPhase;
			buildActionMask = 2147483647;
			files = (
			);
			runOnlyForDeploymentPostprocessing = 0;
		};
		F10003 /* Resources */ = {
			isa = PBXResourcesBuildPhase;
			buildActionMask = 2147483647;
			files = (
				A10011 /* Assets.xcassets in Resources */,
			);
			runOnlyForDeploymentPostprocessing = 0;
		};
/* End PBXResourcesBuildPhase section */

/* Begin PBXSourcesBuildPhase section */
		93C7DDD52F7B60DD007AF538 /* Sources */ = {
			isa = PBXSourcesBuildPhase;
			buildActionMask = 2147483647;
			files = (
			);
			runOnlyForDeploymentPostprocessing = 0;
		};
		F10002 /* Sources */ = {
			isa = PBXSourcesBuildPhase;
			buildActionMask = 2147483647;
			files = (
				A10001 /* RadioClientApp.swift in Sources */,
				A10002 /* SongItem.swift in Sources */,
				A10003 /* APIService.swift in Sources */,
				A10004 /* AudioPlayer.swift in Sources */,
				A10005 /* CacheManager.swift in Sources */,
				A10006 /* NowPlayingView.swift in Sources */,
				A10007 /* HistoryView.swift in Sources */,
				A10008 /* SettingsView.swift in Sources */,
				A10009 /* CarPlaySceneDelegate.swift in Sources */,
				A10010 /* QRScannerView.swift in Sources */,
				A10012 /* ChannelsView.swift in Sources */,
			);
			runOnlyForDeploymentPostprocessing = 0;
		};
/* End PBXSourcesBuildPhase section */

/* Begin PBXTargetDependency section */
		93C7DDEC2F7B60DF007AF538 /* PBXTargetDependency */ = {
			isa = PBXTargetDependency;
			target = 93C7DDD82F7B60DD007AF538 /* SmartHomeWidgetExtension */;
			targetProxy = 93C7DDEB2F7B60DF007AF538 /* PBXContainerItemProxy */;
		};
/* End PBXTargetDependency section */

/* Begin XCBuildConfiguration section */
		93C7DDEF2F7B60DF007AF538 /* Debug */ = {
			isa = XCBuildConfiguration;
			buildSettings = {
				ASSETCATALOG_COMPILER_GLOBAL_ACCENT_COLOR_NAME = AccentColor;
				ASSETCATALOG_COMPILER_WIDGET_BACKGROUND_COLOR_NAME = WidgetBackground;
				CLANG_ANALYZER_NUMBER_OBJECT_CONVERSION = YES_AGGRESSIVE;
				CLANG_ENABLE_OBJC_WEAK = YES;
				CLANG_WARN_BLOCK_CAPTURE_AUTORELEASING = YES;
				CLANG_WARN_BOOL_CONVERSION = YES;
				CLANG_WARN_COMMA = YES;
				CLANG_WARN_CONSTANT_CONVERSION = YES;
				CLANG_WARN_DEPRECATED_OBJC_IMPLEMENTATIONS = YES;
				CLANG_WARN_DIRECT_OBJC_ISA_USAGE = YES_ERROR;
				CLANG_WARN_DOCUMENTATION_COMMENTS = YES;
				CLANG_WARN_EMPTY_BODY = YES;
				CLANG_WARN_ENUM_CONVERSION = YES;
				CLANG_WARN_INFINITE_RECURSION = YES;
				CLANG_WARN_INT_CONVERSION = YES;
				CLANG_WARN_NON_LITERAL_NULL_CONVERSION = YES;
				CLANG_WARN_OBJC_IMPLICIT_RETAIN_SELF = YES;
				CLANG_WARN_OBJC_LITERAL_CONVERSION = YES;
				CLANG_WARN_OBJC_ROOT_CLASS = YES_ERROR;
				CLANG_WARN_QUOTED_INCLUDE_IN_FRAMEWORK_HEADER = YES;
				CLANG_WARN_RANGE_LOOP_ANALYSIS = YES;
				CLANG_WARN_STRICT_PROTOTYPES = YES;
				CLANG_WARN_SUSPICIOUS_MOVE = YES;
				CLANG_WARN_UNGUARDED_AVAILABILITY = YES_AGGRESSIVE;
				CLANG_WARN_UNREACHABLE_CODE = YES;
				CLANG_WARN__DUPLICATE_METHOD_MATCH = YES;
				CODE_SIGN_ENTITLEMENTS = SmartHomeWidgetExtension.entitlements;
				CODE_SIGN_STYLE = Automatic;
				CURRENT_PROJECT_VERSION = 1;
				DEVELOPMENT_TEAM = 6V798W6LMZ;
				ENABLE_USER_SCRIPT_SANDBOXING = YES;
				GCC_C_LANGUAGE_STANDARD = gnu17;
				GCC_NO_COMMON_BLOCKS = YES;
				GCC_WARN_64_TO_32_BIT_CONVERSION = YES;
				GCC_WARN_UNDECLARED_SELECTOR = YES;
				GCC_WARN_UNUSED_FUNCTION = YES;
				GCC_WARN_UNUSED_VARIABLE = YES;
				GENERATE_INFOPLIST_FILE = YES;
				INFOPLIST_FILE = SmartHomeWidget/Info.plist;
				INFOPLIST_KEY_CFBundleDisplayName = SmartHomeWidget;
				INFOPLIST_KEY_NSHumanReadableCopyright = "";
				IPHONEOS_DEPLOYMENT_TARGET = 26.4;
				LD_RUNPATH_SEARCH_PATHS = (
					"$(inherited)",
					"@executable_path/Frameworks",
					"@executable_path/../../Frameworks",
				);
				LOCALIZATION_PREFERS_STRING_CATALOGS = YES;
				MARKETING_VERSION = 1.0;
				MTL_FAST_MATH = YES;
				PRODUCT_BUNDLE_IDENTIFIER = com.radioserver.RadioClient.SmartHomeWidget;
				PRODUCT_NAME = "$(TARGET_NAME)";
				SKIP_INSTALL = YES;
				STRING_CATALOG_GENERATE_SYMBOLS = YES;
				SWIFT_APPROACHABLE_CONCURRENCY = YES;
				SWIFT_EMIT_LOC_STRINGS = YES;
				SWIFT_UPCOMING_FEATURE_MEMBER_IMPORT_VISIBILITY = YES;
				SWIFT_VERSION = 5.0;
				TARGETED_DEVICE_FAMILY = "1,2";
			};
			name = Debug;
		};
		93C7DDF02F7B60DF007AF538 /* Release */ = {
			isa = XCBuildConfiguration;
			buildSettings = {
				ASSETCATALOG_COMPILER_GLOBAL_ACCENT_COLOR_NAME = AccentColor;
				ASSETCATALOG_COMPILER_WIDGET_BACKGROUND_COLOR_NAME = WidgetBackground;
				CLANG_ANALYZER_NUMBER_OBJECT_CONVERSION = YES_AGGRESSIVE;
				CLANG_ENABLE_OBJC_WEAK = YES;
				CLANG_WARN_BLOCK_CAPTURE_AUTORELEASING = YES;
				CLANG_WARN_BOOL_CONVERSION = YES;
				CLANG_WARN_COMMA = YES;
				CLANG_WARN_CONSTANT_CONVERSION = YES;
				CLANG_WARN_DEPRECATED_OBJC_IMPLEMENTATIONS = YES;
				CLANG_WARN_DIRECT_OBJC_ISA_USAGE = YES_ERROR;
				CLANG_WARN_DOCUMENTATION_COMMENTS = YES;
				CLANG_WARN_EMPTY_BODY = YES;
				CLANG_WARN_ENUM_CONVERSION = YES;
				CLANG_WARN_INFINITE_RECURSION = YES;
				CLANG_WARN_INT_CONVERSION = YES;
				CLANG_WARN_NON_LITERAL_NULL_CONVERSION = YES;
				CLANG_WARN_OBJC_IMPLICIT_RETAIN_SELF = YES;
				CLANG_WARN_OBJC_LITERAL_CONVERSION = YES;
				CLANG_WARN_OBJC_ROOT_CLASS = YES_ERROR;
				CLANG_WARN_QUOTED_INCLUDE_IN_FRAMEWORK_HEADER = YES;
				CLANG_WARN_RANGE_LOOP_ANALYSIS = YES;
				CLANG_WARN_STRICT_PROTOTYPES = YES;
				CLANG_WARN_SUSPICIOUS_MOVE = YES;
				CLANG_WARN_UNGUARDED_AVAILABILITY = YES_AGGRESSIVE;
				CLANG_WARN_UNREACHABLE_CODE = YES;
				CLANG_WARN__DUPLICATE_METHOD_MATCH = YES;
				CODE_SIGN_ENTITLEMENTS = SmartHomeWidgetExtension.entitlements;
				CODE_SIGN_STYLE = Automatic;
				CURRENT_PROJECT_VERSION = 1;
				DEVELOPMENT_TEAM = 6V798W6LMZ;
				ENABLE_USER_SCRIPT_SANDBOXING = YES;
				GCC_C_LANGUAGE_STANDARD = gnu17;
				GCC_NO_COMMON_BLOCKS = YES;
				GCC_WARN_64_TO_32_BIT_CONVERSION = YES;
				GCC_WARN_UNDECLARED_SELECTOR = YES;
				GCC_WARN_UNUSED_FUNCTION = YES;
				GCC_WARN_UNUSED_VARIABLE = YES;
				GENERATE_INFOPLIST_FILE = YES;
				INFOPLIST_FILE = SmartHomeWidget/Info.plist;
				INFOPLIST_KEY_CFBundleDisplayName = SmartHomeWidget;
				INFOPLIST_KEY_NSHumanReadableCopyright = "";
				IPHONEOS_DEPLOYMENT_TARGET = 26.4;
				LD_RUNPATH_SEARCH_PATHS = (
					"$(inherited)",
					"@executable_path/Frameworks",
					"@executable_path/../../Frameworks",
				);
				LOCALIZATION_PREFERS_STRING_CATALOGS = YES;
				MARKETING_VERSION = 1.0;
				MTL_ENABLE_DEBUG_INFO = NO;
				MTL_FAST_MATH = YES;
				PRODUCT_BUNDLE_IDENTIFIER = com.radioserver.RadioClient.SmartHomeWidget;
				PRODUCT_NAME = "$(TARGET_NAME)";
				SKIP_INSTALL = YES;
				STRING_CATALOG_GENERATE_SYMBOLS = YES;
				SWIFT_APPROACHABLE_CONCURRENCY = YES;
				SWIFT_EMIT_LOC_STRINGS = YES;
				SWIFT_UPCOMING_FEATURE_MEMBER_IMPORT_VISIBILITY = YES;
				SWIFT_VERSION = 5.0;
				TARGETED_DEVICE_FAMILY = "1,2";
			};
			name = Release;
		};
		G10004 /* Debug */ = {
			isa = XCBuildConfiguration;
			buildSettings = {
				ALWAYS_SEARCH_USER_PATHS = NO;
				ASSETCATALOG_COMPILER_GENERATE_SWIFT_ASSET_SYMBOL_EXTENSIONS = YES;
				CLANG_ANALYZER_NONNULL = YES;
				CLANG_CXX_LANGUAGE_STANDARD = "gnu++20";
				CLANG_ENABLE_MODULES = YES;
				CLANG_ENABLE_OBJC_ARC = YES;
				COPY_PHASE_STRIP = NO;
				DEBUG_INFORMATION_FORMAT = dwarf;
				ENABLE_STRICT_OBJC_MSGSEND = YES;
				ENABLE_TESTABILITY = YES;
				GCC_DYNAMIC_NO_PIC = NO;
				GCC_OPTIMIZATION_LEVEL = 0;
				GCC_PREPROCESSOR_DEFINITIONS = (
					"DEBUG=1",
					"$(inherited)",
				);
				GCC_WARN_ABOUT_RETURN_TYPE = YES_ERROR;
				GCC_WARN_UNINITIALIZED_AUTOS = YES_AGGRESSIVE;
				IPHONEOS_DEPLOYMENT_TARGET = 17.0;
				MTL_ENABLE_DEBUG_INFO = INCLUDE_SOURCE;
				ONLY_ACTIVE_ARCH = YES;
				SDKROOT = iphoneos;
				SWIFT_ACTIVE_COMPILATION_CONDITIONS = "DEBUG $(inherited)";
				SWIFT_OPTIMIZATION_LEVEL = "-Onone";
			};
			name = Debug;
		};
		G10005 /* Release */ = {
			isa = XCBuildConfiguration;
			buildSettings = {
				ALWAYS_SEARCH_USER_PATHS = NO;
				ASSETCATALOG_COMPILER_GENERATE_SWIFT_ASSET_SYMBOL_EXTENSIONS = YES;
				CLANG_ANALYZER_NONNULL = YES;
				CLANG_CXX_LANGUAGE_STANDARD = "gnu++20";
				CLANG_ENABLE_MODULES = YES;
				CLANG_ENABLE_OBJC_ARC = YES;
				COPY_PHASE_STRIP = NO;
				DEBUG_INFORMATION_FORMAT = "dwarf-with-dsym";
				ENABLE_NS_ASSERTIONS = NO;
				ENABLE_STRICT_OBJC_MSGSEND = YES;
				GCC_WARN_ABOUT_RETURN_TYPE = YES_ERROR;
				GCC_WARN_UNINITIALIZED_AUTOS = YES_AGGRESSIVE;
				IPHONEOS_DEPLOYMENT_TARGET = 17.0;
				SDKROOT = iphoneos;
				SWIFT_COMPILATION_MODE = wholemodule;
				VALIDATE_PRODUCT = YES;
			};
			name = Release;
		};
		G10006 /* Debug */ = {
			isa = XCBuildConfiguration;
			buildSettings = {
				ASSETCATALOG_COMPILER_APPICON_NAME = AppIcon;
				CODE_SIGN_ENTITLEMENTS = RadioClient.entitlements;
				CODE_SIGN_STYLE = Automatic;
				CURRENT_PROJECT_VERSION = 1;
				DEVELOPMENT_TEAM = 6V798W6LMZ;
				GENERATE_INFOPLIST_FILE = YES;
				INFOPLIST_FILE = RadioClient/Info.plist;
				INFOPLIST_KEY_CFBundleDisplayName = RadioClient;
				INFOPLIST_KEY_LSApplicationCategoryType = "public.app-category.music";
				INFOPLIST_KEY_UIApplicationSupportsIndirectInputEvents = YES;
				INFOPLIST_KEY_UILaunchScreen_Generation = YES;
				INFOPLIST_KEY_UISupportedInterfaceOrientations_iPad = "UIInterfaceOrientationPortrait UIInterfaceOrientationPortraitUpsideDown UIInterfaceOrientationLandscapeLeft UIInterfaceOrientationLandscapeRight";
				INFOPLIST_KEY_UISupportedInterfaceOrientations_iPhone = "UIInterfaceOrientationPortrait UIInterfaceOrientationLandscapeLeft UIInterfaceOrientationLandscapeRight";
				LD_RUNPATH_SEARCH_PATHS = (
					"$(inherited)",
					"@executable_path/Frameworks",
				);
				MARKETING_VERSION = 1.0;
				PRODUCT_BUNDLE_IDENTIFIER = com.radioserver.RadioClient;
				PRODUCT_NAME = "$(TARGET_NAME)";
				SWIFT_EMIT_LOC_STRINGS = YES;
				SWIFT_VERSION = 5.0;
				TARGETED_DEVICE_FAMILY = "1,2";
			};
			name = Debug;
		};
		G10007 /* Release */ = {
			isa = XCBuildConfiguration;
			buildSettings = {
				ASSETCATALOG_COMPILER_APPICON_NAME = AppIcon;
				CODE_SIGN_ENTITLEMENTS = RadioClient.entitlements;
				CODE_SIGN_STYLE = Automatic;
				CURRENT_PROJECT_VERSION = 1;
				DEVELOPMENT_TEAM = 6V798W6LMZ;
				GENERATE_INFOPLIST_FILE = YES;
				INFOPLIST_FILE = RadioClient/Info.plist;
				INFOPLIST_KEY_CFBundleDisplayName = RadioClient;
				INFOPLIST_KEY_LSApplicationCategoryType = "public.app-category.music";
				INFOPLIST_KEY_UIApplicationSupportsIndirectInputEvents = YES;
				INFOPLIST_KEY_UILaunchScreen_Generation = YES;
				INFOPLIST_KEY_UISupportedInterfaceOrientations_iPad = "UIInterfaceOrientationPortrait UIInterfaceOrientationPortraitUpsideDown UIInterfaceOrientationLandscapeLeft UIInterfaceOrientationLandscapeRight";
				INFOPLIST_KEY_UISupportedInterfaceOrientations_iPhone = "UIInterfaceOrientationPortrait UIInterfaceOrientationLandscapeLeft UIInterfaceOrientationLandscapeRight";
				LD_RUNPATH_SEARCH_PATHS = (
					"$(inherited)",
					"@executable_path/Frameworks",
				);
				MARKETING_VERSION = 1.0;
				PRODUCT_BUNDLE_IDENTIFIER = com.radioserver.RadioClient;
				PRODUCT_NAME = "$(TARGET_NAME)";
				SWIFT_EMIT_LOC_STRINGS = YES;
				SWIFT_VERSION = 5.0;
				TARGETED_DEVICE_FAMILY = "1,2";
			};
			name = Release;
		};
/* End XCBuildConfiguration section */

/* Begin XCConfigurationList section */
		93C7DDF22F7B60DF007AF538 /* Build configuration list for PBXNativeTarget "SmartHomeWidgetExtension" */ = {
			isa = XCConfigurationList;
			buildConfigurations = (
				93C7DDEF2F7B60DF007AF538 /* Debug */,
				93C7DDF02F7B60DF007AF538 /* Release */,
			);
			defaultConfigurationIsVisible = 0;
			defaultConfigurationName = Release;
		};
		G10001 /* Build configuration list for PBXProject "RadioClient" */ = {
			isa = XCConfigurationList;
			buildConfigurations = (
				G10004 /* Debug */,
				G10005 /* Release */,
			);
			defaultConfigurationIsVisible = 0;
			defaultConfigurationName = Release;
		};
		G10003 /* Build configuration list for PBXNativeTarget "RadioClient" */ = {
			isa = XCConfigurationList;
			buildConfigurations = (
				G10006 /* Debug */,
				G10007 /* Release */,
			);
			defaultConfigurationIsVisible = 0;
			defaultConfigurationName = Release;
		};
/* End XCConfigurationList section */
	};
	rootObject = H10001 /* Project object */;
}
