// !$*UTF8*$!
{
	archiveVersion = 1;
	classes = {
	};
	objectVersion = 56;
	objects = {

/* Begin PBXBuildFile section */
		A10001 /* RadioClientApp.swift in Sources */ = {isa = PBXBuildFile; fileRef = B10001; };
		A10002 /* SongItem.swift in Sources */ = {isa = PBXBuildFile; fileRef = B10002; };
		A10003 /* APIService.swift in Sources */ = {isa = PBXBuildFile; fileRef = B10003; };
		A10004 /* AudioPlayer.swift in Sources */ = {isa = PBXBuildFile; fileRef = B10004; };
		A10005 /* CacheManager.swift in Sources */ = {isa = PBXBuildFile; fileRef = B10005; };
		A10006 /* NowPlayingView.swift in Sources */ = {isa = PBXBuildFile; fileRef = B10006; };
		A10007 /* HistoryView.swift in Sources */ = {isa = PBXBuildFile; fileRef = B10007; };
		A10008 /* SettingsView.swift in Sources */ = {isa = PBXBuildFile; fileRef = B10008; };
		A10009 /* CarPlaySceneDelegate.swift in Sources */ = {isa = PBXBuildFile; fileRef = B10009; };
/* End PBXBuildFile section */

/* Begin PBXFileReference section */
		B10001 /* RadioClientApp.swift */ = {isa = PBXFileReference; lastKnownFileType = sourcecode.swift; path = RadioClientApp.swift; sourceTree = "<group>"; };
		B10002 /* SongItem.swift */ = {isa = PBXFileReference; lastKnownFileType = sourcecode.swift; path = SongItem.swift; sourceTree = "<group>"; };
		B10003 /* APIService.swift */ = {isa = PBXFileReference; lastKnownFileType = sourcecode.swift; path = APIService.swift; sourceTree = "<group>"; };
		B10004 /* AudioPlayer.swift */ = {isa = PBXFileReference; lastKnownFileType = sourcecode.swift; path = AudioPlayer.swift; sourceTree = "<group>"; };
		B10005 /* CacheManager.swift */ = {isa = PBXFileReference; lastKnownFileType = sourcecode.swift; path = CacheManager.swift; sourceTree = "<group>"; };
		B10006 /* NowPlayingView.swift */ = {isa = PBXFileReference; lastKnownFileType = sourcecode.swift; path = NowPlayingView.swift; sourceTree = "<group>"; };
		B10007 /* HistoryView.swift */ = {isa = PBXFileReference; lastKnownFileType = sourcecode.swift; path = HistoryView.swift; sourceTree = "<group>"; };
		B10008 /* SettingsView.swift */ = {isa = PBXFileReference; lastKnownFileType = sourcecode.swift; path = SettingsView.swift; sourceTree = "<group>"; };
		B10009 /* CarPlaySceneDelegate.swift */ = {isa = PBXFileReference; lastKnownFileType = sourcecode.swift; path = CarPlaySceneDelegate.swift; sourceTree = "<group>"; };
		B10010 /* Info.plist */ = {isa = PBXFileReference; lastKnownFileType = text.plist.xml; path = Info.plist; sourceTree = "<group>"; };
		B10011 /* RadioClient.entitlements */ = {isa = PBXFileReference; lastKnownFileType = text.plist.entitlements; path = RadioClient.entitlements; sourceTree = "<group>"; };
		C10001 /* RadioClient.app */ = {isa = PBXFileReference; explicitFileType = wrapper.application; includeInIndex = 0; path = RadioClient.app; sourceTree = BUILT_PRODUCTS_DIR; };
/* End PBXFileReference section */

/* Begin PBXFrameworksBuildPhase section */
		D10001 /* Frameworks */ = {
			isa = PBXFrameworksBuildPhase;
			buildActionMask = 2147483647;
			files = (
			);
			runOnlyForDeploymentPostprocessing = 0;
		};
/* End PBXFrameworksBuildPhase section */

/* Begin PBXGroup section */
		E10001 = {
			isa = PBXGroup;
			children = (
				E10002 /* RadioClient */,
				B10011 /* RadioClient.entitlements */,
				E10007 /* Products */,
			);
			sourceTree = "<group>";
		};
		E10002 /* RadioClient */ = {
			isa = PBXGroup;
			children = (
				B10001 /* RadioClientApp.swift */,
				B10010 /* Info.plist */,
				E10003 /* Models */,
				E10004 /* Services */,
				E10005 /* Views */,
				E10006 /* CarPlay */,
			);
			path = RadioClient;
			sourceTree = "<group>";
		};
		E10003 /* Models */ = {
			isa = PBXGroup;
			children = (
				B10002 /* SongItem.swift */,
			);
			path = Models;
			sourceTree = "<group>";
		};
		E10004 /* Services */ = {
			isa = PBXGroup;
			children = (
				B10003 /* APIService.swift */,
				B10004 /* AudioPlayer.swift */,
				B10005 /* CacheManager.swift */,
			);
			path = Services;
			sourceTree = "<group>";
		};
		E10005 /* Views */ = {
			isa = PBXGroup;
			children = (
				B10006 /* NowPlayingView.swift */,
				B10007 /* HistoryView.swift */,
				B10008 /* SettingsView.swift */,
			);
			path = Views;
			sourceTree = "<group>";
		};
		E10006 /* CarPlay */ = {
			isa = PBXGroup;
			children = (
				B10009 /* CarPlaySceneDelegate.swift */,
			);
			path = CarPlay;
			sourceTree = "<group>";
		};
		E10007 /* Products */ = {
			isa = PBXGroup;
			children = (
				C10001 /* RadioClient.app */,
			);
			name = Products;
			sourceTree = "<group>";
		};
/* End PBXGroup section */

/* Begin PBXNativeTarget section */
		F10001 /* RadioClient */ = {
			isa = PBXNativeTarget;
			buildConfigurationList = G10003 /* Build configuration list for PBXNativeTarget "RadioClient" */;
			buildPhases = (
				F10002 /* Sources */,
				D10001 /* Frameworks */,
				F10003 /* Resources */,
			);
			buildRules = (
			);
			dependencies = (
			);
			name = RadioClient;
			productName = RadioClient;
			productReference = C10001 /* RadioClient.app */;
			productType = "com.apple.product-type.application";
		};
/* End PBXNativeTarget section */

/* Begin PBXProject section */
		H10001 /* Project object */ = {
			isa = PBXProject;
			attributes = {
				BuildIndependentTargetsInParallel = 1;
				LastSwiftUpdateCheck = 1540;
				LastUpgradeCheck = 1540;
			};
			buildConfigurationList = G10001 /* Build configuration list for PBXProject "RadioClient" */;
			compatibilityVersion = "Xcode 14.0";
			developmentRegion = en;
			hasScannedForEncodings = 0;
			knownRegions = (
				en,
				Base,
			);
			mainGroup = E10001;
			productRefGroup = E10007 /* Products */;
			projectDirPath = "";
			projectRoot = "";
			targets = (
				F10001 /* RadioClient */,
			);
		};
/* End PBXProject section */

/* Begin PBXResourcesBuildPhase section */
		F10003 /* Resources */ = {
			isa = PBXResourcesBuildPhase;
			buildActionMask = 2147483647;
			files = (
			);
			runOnlyForDeploymentPostprocessing = 0;
		};
/* End PBXResourcesBuildPhase section */

/* Begin PBXSourcesBuildPhase section */
		F10002 /* Sources */ = {
			isa = PBXSourcesBuildPhase;
			buildActionMask = 2147483647;
			files = (
				A10001 /* RadioClientApp.swift in Sources */,
				A10002 /* SongItem.swift in Sources */,
				A10003 /* APIService.swift in Sources */,
				A10004 /* AudioPlayer.swift in Sources */,
				A10005 /* CacheManager.swift in Sources */,
				A10006 /* NowPlayingView.swift in Sources */,
				A10007 /* HistoryView.swift in Sources */,
				A10008 /* SettingsView.swift in Sources */,
				A10009 /* CarPlaySceneDelegate.swift in Sources */,
			);
			runOnlyForDeploymentPostprocessing = 0;
		};
/* End PBXSourcesBuildPhase section */

/* Begin XCBuildConfiguration section */
		G10004 /* Debug */ = {
			isa = XCBuildConfiguration;
			buildSettings = {
				ALWAYS_SEARCH_USER_PATHS = NO;
				ASSETCATALOG_COMPILER_GENERATE_SWIFT_ASSET_SYMBOL_EXTENSIONS = YES;
				CLANG_ANALYZER_NONNULL = YES;
				CLANG_CXX_LANGUAGE_STANDARD = "gnu++20";
				CLANG_ENABLE_MODULES = YES;
				CLANG_ENABLE_OBJC_ARC = YES;
				COPY_PHASE_STRIP = NO;
				DEBUG_INFORMATION_FORMAT = dwarf;
				ENABLE_STRICT_OBJC_MSGSEND = YES;
				ENABLE_TESTABILITY = YES;
				GCC_DYNAMIC_NO_PIC = NO;
				GCC_OPTIMIZATION_LEVEL = 0;
				GCC_PREPROCESSOR_DEFINITIONS = (
					"DEBUG=1",
					"$(inherited)",
				);
				GCC_WARN_ABOUT_RETURN_TYPE = YES_ERROR;
				GCC_WARN_UNINITIALIZED_AUTOS = YES_AGGRESSIVE;
				IPHONEOS_DEPLOYMENT_TARGET = 17.0;
				MTL_ENABLE_DEBUG_INFO = INCLUDE_SOURCE;
				ONLY_ACTIVE_ARCH = YES;
				SDKROOT = iphoneos;
				SWIFT_ACTIVE_COMPILATION_CONDITIONS = "DEBUG $(inherited)";
				SWIFT_OPTIMIZATION_LEVEL = "-Onone";
			};
			name = Debug;
		};
		G10005 /* Release */ = {
			isa = XCBuildConfiguration;
			buildSettings = {
				ALWAYS_SEARCH_USER_PATHS = NO;
				ASSETCATALOG_COMPILER_GENERATE_SWIFT_ASSET_SYMBOL_EXTENSIONS = YES;
				CLANG_ANALYZER_NONNULL = YES;
				CLANG_CXX_LANGUAGE_STANDARD = "gnu++20";
				CLANG_ENABLE_MODULES = YES;
				CLANG_ENABLE_OBJC_ARC = YES;
				COPY_PHASE_STRIP = NO;
				DEBUG_INFORMATION_FORMAT = "dwarf-with-dsym";
				ENABLE_NS_ASSERTIONS = NO;
				ENABLE_STRICT_OBJC_MSGSEND = YES;
				GCC_WARN_ABOUT_RETURN_TYPE = YES_ERROR;
				GCC_WARN_UNINITIALIZED_AUTOS = YES_AGGRESSIVE;
				IPHONEOS_DEPLOYMENT_TARGET = 17.0;
				SDKROOT = iphoneos;
				SWIFT_COMPILATION_MODE = wholemodule;
				VALIDATE_PRODUCT = YES;
			};
			name = Release;
		};
		G10006 /* Debug */ = {
			isa = XCBuildConfiguration;
			buildSettings = {
				ASSETCATALOG_COMPILER_APPICON_NAME = AppIcon;
				CODE_SIGN_ENTITLEMENTS = RadioClient.entitlements;
				CODE_SIGN_STYLE = Automatic;
				CURRENT_PROJECT_VERSION = 1;
				GENERATE_INFOPLIST_FILE = YES;
				INFOPLIST_FILE = RadioClient/Info.plist;
				INFOPLIST_KEY_CFBundleDisplayName = RadioClient;
				INFOPLIST_KEY_LSApplicationCategoryType = "public.app-category.music";
				INFOPLIST_KEY_UIApplicationSupportsIndirectInputEvents = YES;
				INFOPLIST_KEY_UILaunchScreen_Generation = YES;
				INFOPLIST_KEY_UISupportedInterfaceOrientations_iPad = "UIInterfaceOrientationPortrait UIInterfaceOrientationPortraitUpsideDown UIInterfaceOrientationLandscapeLeft UIInterfaceOrientationLandscapeRight";
				INFOPLIST_KEY_UISupportedInterfaceOrientations_iPhone = "UIInterfaceOrientationPortrait UIInterfaceOrientationLandscapeLeft UIInterfaceOrientationLandscapeRight";
				LD_RUNPATH_SEARCH_PATHS = (
					"$(inherited)",
					"@executable_path/Frameworks",
				);
				MARKETING_VERSION = 1.0;
				PRODUCT_BUNDLE_IDENTIFIER = com.radioserver.RadioClient;
				PRODUCT_NAME = "$(TARGET_NAME)";
				SWIFT_EMIT_LOC_STRINGS = YES;
				SWIFT_VERSION = 5.0;
				TARGETED_DEVICE_FAMILY = "1,2";
			};
			name = Debug;
		};
		G10007 /* Release */ = {
			isa = XCBuildConfiguration;
			buildSettings = {
				ASSETCATALOG_COMPILER_APPICON_NAME = AppIcon;
				CODE_SIGN_ENTITLEMENTS = RadioClient.entitlements;
				CODE_SIGN_STYLE = Automatic;
				CURRENT_PROJECT_VERSION = 1;
				GENERATE_INFOPLIST_FILE = YES;
				INFOPLIST_FILE = RadioClient/Info.plist;
				INFOPLIST_KEY_CFBundleDisplayName = RadioClient;
				INFOPLIST_KEY_LSApplicationCategoryType = "public.app-category.music";
				INFOPLIST_KEY_UIApplicationSupportsIndirectInputEvents = YES;
				INFOPLIST_KEY_UILaunchScreen_Generation = YES;
				INFOPLIST_KEY_UISupportedInterfaceOrientations_iPad = "UIInterfaceOrientationPortrait UIInterfaceOrientationPortraitUpsideDown UIInterfaceOrientationLandscapeLeft UIInterfaceOrientationLandscapeRight";
				INFOPLIST_KEY_UISupportedInterfaceOrientations_iPhone = "UIInterfaceOrientationPortrait UIInterfaceOrientationLandscapeLeft UIInterfaceOrientationLandscapeRight";
				LD_RUNPATH_SEARCH_PATHS = (
					"$(inherited)",
					"@executable_path/Frameworks",
				);
				MARKETING_VERSION = 1.0;
				PRODUCT_BUNDLE_IDENTIFIER = com.radioserver.RadioClient;
				PRODUCT_NAME = "$(TARGET_NAME)";
				SWIFT_EMIT_LOC_STRINGS = YES;
				SWIFT_VERSION = 5.0;
				TARGETED_DEVICE_FAMILY = "1,2";
			};
			name = Release;
		};
/* End XCBuildConfiguration section */

/* Begin XCConfigurationList section */
		G10001 /* Build configuration list for PBXProject "RadioClient" */ = {
			isa = XCConfigurationList;
			buildConfigurations = (
				G10004 /* Debug */,
				G10005 /* Release */,
			);
			defaultConfigurationIsVisible = 0;
			defaultConfigurationName = Release;
		};
		G10003 /* Build configuration list for PBXNativeTarget "RadioClient" */ = {
			isa = XCConfigurationList;
			buildConfigurations = (
				G10006 /* Debug */,
				G10007 /* Release */,
			);
			defaultConfigurationIsVisible = 0;
			defaultConfigurationName = Release;
		};
/* End XCConfigurationList section */
	};
	rootObject = H10001 /* Project object */;
}
